
Microsoft Visual Studio Solution File, Format Version 12.00
# Visual Studio Version 18
VisualStudioVersion = 18.3.11512.155 d18.3
MinimumVisualStudioVersion = 10.0.40219.1
Project("{FAE04EC0-301F-11D3-BF4B-00C04F79EFBC}") = "ObatKlinikADO", "ObatKlinikADO.csproj", "{D8A5EC97-1E80-4B2E-A85F-9A24368C5FBC}"
EndProject
Global
	GlobalSection(SolutionConfigurationPlatforms) = preSolution
		Debug|Any CPU = Debug|Any CPU
		Release|Any CPU = Release|Any CPU
	EndGlobalSection
	GlobalSection(ProjectConfigurationPlatforms) = postSolution
		{D8A5EC97-1E80-4B2E-A85F-9A24368C5FBC}.Debug|Any CPU.ActiveCfg = Debug|Any CPU
		{D8A5EC97-1E80-4B2E-A85F-9A24368C5FBC}.Debug|Any CPU.Build.0 = Debug|Any CPU
		{D8A5EC97-1E80-4B2E-A85F-9A24368C5FBC}.Release|Any CPU.ActiveCfg = Release|Any CPU
		{D8A5EC97-1E80-4B2E-A85F-9A24368C5FBC}.Release|Any CPU.Build.0 = Release|Any CPU
	EndGlobalSection
	GlobalSection(SolutionProperties) = preSolution
		HideSolutionNode = FALSE
	EndGlobalSection
	GlobalSection(ExtensibilityGlobals) = postSolution
		SolutionGuid = {183FD6E9-162C-460E-BC40-6266D68998A8}
	EndGlobalSection
EndGlobal
